
Microsoft Visual Studio Solution File, Format Version 12.00
# Visual Studio 15
VisualStudioVersion = 15.0.26124.0
MinimumVisualStudioVersion = 15.0.26124.0
Project("{2150E333-8FDC-42A3-9474-1A3956D46DE8}") = "GCodeParser", "GCodeParser", "{D8C7A5BF-2314-4007-847D-2F7BEB033E9A}"
EndProject
Project("{FAE04EC0-301F-11D3-BF4B-00C04F79EFBC}") = "GCodeParser", "GCodeParser\GCodeParser\GCodeParser.csproj", "{F9F98B08-D7C4-468A-A89C-2B7C2C99D69D}"
EndProject
Project("{FAE04EC0-301F-11D3-BF4B-00C04F79EFBC}") = "GCodeParser.Tests", "GCodeParser\GCodeParser.Tests\GCodeParser.Tests.csproj", "{C5BE81B4-4CC8-4165-9DB7-08DED9A5D3D9}"
EndProject
Project("{2150E333-8FDC-42A3-9474-1A3956D46DE8}") = "VirtualPrinter", "VirtualPrinter", "{D867E2CA-F8A1-4104-BF08-C985EE83C68E}"
EndProject
Project("{FAE04EC0-301F-11D3-BF4B-00C04F79EFBC}") = "VirtualPrinter", "VirtualPrinter\VirtualPrinter\VirtualPrinter.csproj", "{DB4878B4-AB98-4334-852A-9C784A036B0C}"
EndProject
Project("{FAE04EC0-301F-11D3-BF4B-00C04F79EFBC}") = "VirtualPrinter.Tests", "VirtualPrinter\VirtualPrinter.Tests\VirtualPrinter.Tests.csproj", "{A1D5E07D-86F8-4A4E-B0FA-869C8972A62E}"
EndProject
Project("{2150E333-8FDC-42A3-9474-1A3956D46DE8}") = "ControlTower", "ControlTower", "{E3C9ACD7-F532-4E56-994D-D7B0DFFF357E}"
EndProject
Project("{FAE04EC0-301F-11D3-BF4B-00C04F79EFBC}") = "ControlTower.Core", "ControlTower\ControlTower.Core\ControlTower.Core.csproj", "{E7CFDA69-DBD3-46AE-AB15-6A17C10A6E28}"
EndProject
Project("{FAE04EC0-301F-11D3-BF4B-00C04F79EFBC}") = "ControlTower.Core.Tests", "ControlTower\ControlTower.Core.Tests\ControlTower.Core.Tests.csproj", "{E7BA108F-8928-4B64-944D-C13315D3EE85}"
EndProject
Project("{FAE04EC0-301F-11D3-BF4B-00C04F79EFBC}") = "ControlTower.Infrastructure", "ControlTower\ControlTower.Infrastructure\ControlTower.Infrastructure.csproj", "{4DF60155-1865-48F1-8E22-8BB0C5A09067}"
EndProject
Project("{FAE04EC0-301F-11D3-BF4B-00C04F79EFBC}") = "ControlTower.Infrastructure.Tests", "ControlTower\ControlTower.Infrastructure.Tests\ControlTower.Infrastructure.Tests.csproj", "{FB1BC19B-AF28-43B0-B520-5EBAC8D0D7B7}"
EndProject
Project("{FAE04EC0-301F-11D3-BF4B-00C04F79EFBC}") = "ControlTower.Web", "ControlTower\ControlTower.Web\ControlTower.Web.csproj", "{5C204D3F-2917-4F22-AF9B-D058113F707F}"
EndProject
Project("{FAE04EC0-301F-11D3-BF4B-00C04F79EFBC}") = "ControlTower.Web.Tests", "ControlTower\ControlTower.Web.Tests\ControlTower.Web.Tests.csproj", "{4BDB1CA0-B08C-4DF4-90F5-08DE4B9478B8}"
EndProject
Global
	GlobalSection(SolutionConfigurationPlatforms) = preSolution
		Debug|Any CPU = Debug|Any CPU
		Debug|x64 = Debug|x64
		Debug|x86 = Debug|x86
		Release|Any CPU = Release|Any CPU
		Release|x64 = Release|x64
		Release|x86 = Release|x86
	EndGlobalSection
	GlobalSection(SolutionProperties) = preSolution
		HideSolutionNode = FALSE
	EndGlobalSection
	GlobalSection(ProjectConfigurationPlatforms) = postSolution
		{F9F98B08-D7C4-468A-A89C-2B7C2C99D69D}.Debug|Any CPU.ActiveCfg = Debug|Any CPU
		{F9F98B08-D7C4-468A-A89C-2B7C2C99D69D}.Debug|Any CPU.Build.0 = Debug|Any CPU
		{F9F98B08-D7C4-468A-A89C-2B7C2C99D69D}.Debug|x64.ActiveCfg = Debug|Any CPU
		{F9F98B08-D7C4-468A-A89C-2B7C2C99D69D}.Debug|x64.Build.0 = Debug|Any CPU
		{F9F98B08-D7C4-468A-A89C-2B7C2C99D69D}.Debug|x86.ActiveCfg = Debug|Any CPU
		{F9F98B08-D7C4-468A-A89C-2B7C2C99D69D}.Debug|x86.Build.0 = Debug|Any CPU
		{F9F98B08-D7C4-468A-A89C-2B7C2C99D69D}.Release|Any CPU.ActiveCfg = Release|Any CPU
		{F9F98B08-D7C4-468A-A89C-2B7C2C99D69D}.Release|Any CPU.Build.0 = Release|Any CPU
		{F9F98B08-D7C4-468A-A89C-2B7C2C99D69D}.Release|x64.ActiveCfg = Release|Any CPU
		{F9F98B08-D7C4-468A-A89C-2B7C2C99D69D}.Release|x64.Build.0 = Release|Any CPU
		{F9F98B08-D7C4-468A-A89C-2B7C2C99D69D}.Release|x86.ActiveCfg = Release|Any CPU
		{F9F98B08-D7C4-468A-A89C-2B7C2C99D69D}.Release|x86.Build.0 = Release|Any CPU
		{C5BE81B4-4CC8-4165-9DB7-08DED9A5D3D9}.Debug|Any CPU.ActiveCfg = Debug|Any CPU
		{C5BE81B4-4CC8-4165-9DB7-08DED9A5D3D9}.Debug|Any CPU.Build.0 = Debug|Any CPU
		{C5BE81B4-4CC8-4165-9DB7-08DED9A5D3D9}.Debug|x64.ActiveCfg = Debug|Any CPU
		{C5BE81B4-4CC8-4165-9DB7-08DED9A5D3D9}.Debug|x64.Build.0 = Debug|Any CPU
		{C5BE81B4-4CC8-4165-9DB7-08DED9A5D3D9}.Debug|x86.ActiveCfg = Debug|Any CPU
		{C5BE81B4-4CC8-4165-9DB7-08DED9A5D3D9}.Debug|x86.Build.0 = Debug|Any CPU
		{C5BE81B4-4CC8-4165-9DB7-08DED9A5D3D9}.Release|Any CPU.ActiveCfg = Release|Any CPU
		{C5BE81B4-4CC8-4165-9DB7-08DED9A5D3D9}.Release|Any CPU.Build.0 = Release|Any CPU
		{C5BE81B4-4CC8-4165-9DB7-08DED9A5D3D9}.Release|x64.ActiveCfg = Release|Any CPU
		{C5BE81B4-4CC8-4165-9DB7-08DED9A5D3D9}.Release|x64.Build.0 = Release|Any CPU
		{C5BE81B4-4CC8-4165-9DB7-08DED9A5D3D9}.Release|x86.ActiveCfg = Release|Any CPU
		{C5BE81B4-4CC8-4165-9DB7-08DED9A5D3D9}.Release|x86.Build.0 = Release|Any CPU
		{DB4878B4-AB98-4334-852A-9C784A036B0C}.Debug|Any CPU.ActiveCfg = Debug|Any CPU
		{DB4878B4-AB98-4334-852A-9C784A036B0C}.Debug|Any CPU.Build.0 = Debug|Any CPU
		{DB4878B4-AB98-4334-852A-9C784A036B0C}.Debug|x64.ActiveCfg = Debug|Any CPU
		{DB4878B4-AB98-4334-852A-9C784A036B0C}.Debug|x64.Build.0 = Debug|Any CPU
		{DB4878B4-AB98-4334-852A-9C784A036B0C}.Debug|x86.ActiveCfg = Debug|Any CPU
		{DB4878B4-AB98-4334-852A-9C784A036B0C}.Debug|x86.Build.0 = Debug|Any CPU
		{DB4878B4-AB98-4334-852A-9C784A036B0C}.Release|Any CPU.ActiveCfg = Release|Any CPU
		{DB4878B4-AB98-4334-852A-9C784A036B0C}.Release|Any CPU.Build.0 = Release|Any CPU
		{DB4878B4-AB98-4334-852A-9C784A036B0C}.Release|x64.ActiveCfg = Release|Any CPU
		{DB4878B4-AB98-4334-852A-9C784A036B0C}.Release|x64.Build.0 = Release|Any CPU
		{DB4878B4-AB98-4334-852A-9C784A036B0C}.Release|x86.ActiveCfg = Release|Any CPU
		{DB4878B4-AB98-4334-852A-9C784A036B0C}.Release|x86.Build.0 = Release|Any CPU
		{A1D5E07D-86F8-4A4E-B0FA-869C8972A62E}.Debug|Any CPU.ActiveCfg = Debug|Any CPU
		{A1D5E07D-86F8-4A4E-B0FA-869C8972A62E}.Debug|Any CPU.Build.0 = Debug|Any CPU
		{A1D5E07D-86F8-4A4E-B0FA-869C8972A62E}.Debug|x64.ActiveCfg = Debug|Any CPU
		{A1D5E07D-86F8-4A4E-B0FA-869C8972A62E}.Debug|x64.Build.0 = Debug|Any CPU
		{A1D5E07D-86F8-4A4E-B0FA-869C8972A62E}.Debug|x86.ActiveCfg = Debug|Any CPU
		{A1D5E07D-86F8-4A4E-B0FA-869C8972A62E}.Debug|x86.Build.0 = Debug|Any CPU
		{A1D5E07D-86F8-4A4E-B0FA-869C8972A62E}.Release|Any CPU.ActiveCfg = Release|Any CPU
		{A1D5E07D-86F8-4A4E-B0FA-869C8972A62E}.Release|Any CPU.Build.0 = Release|Any CPU
		{A1D5E07D-86F8-4A4E-B0FA-869C8972A62E}.Release|x64.ActiveCfg = Release|Any CPU
		{A1D5E07D-86F8-4A4E-B0FA-869C8972A62E}.Release|x64.Build.0 = Release|Any CPU
		{A1D5E07D-86F8-4A4E-B0FA-869C8972A62E}.Release|x86.ActiveCfg = Release|Any CPU
		{A1D5E07D-86F8-4A4E-B0FA-869C8972A62E}.Release|x86.Build.0 = Release|Any CPU
		{E7CFDA69-DBD3-46AE-AB15-6A17C10A6E28}.Debug|Any CPU.ActiveCfg = Debug|Any CPU
		{E7CFDA69-DBD3-46AE-AB15-6A17C10A6E28}.Debug|Any CPU.Build.0 = Debug|Any CPU
		{E7CFDA69-DBD3-46AE-AB15-6A17C10A6E28}.Debug|x64.ActiveCfg = Debug|Any CPU
		{E7CFDA69-DBD3-46AE-AB15-6A17C10A6E28}.Debug|x64.Build.0 = Debug|Any CPU
		{E7CFDA69-DBD3-46AE-AB15-6A17C10A6E28}.Debug|x86.ActiveCfg = Debug|Any CPU
		{E7CFDA69-DBD3-46AE-AB15-6A17C10A6E28}.Debug|x86.Build.0 = Debug|Any CPU
		{E7CFDA69-DBD3-46AE-AB15-6A17C10A6E28}.Release|Any CPU.ActiveCfg = Release|Any CPU
		{E7CFDA69-DBD3-46AE-AB15-6A17C10A6E28}.Release|Any CPU.Build.0 = Release|Any CPU
		{E7CFDA69-DBD3-46AE-AB15-6A17C10A6E28}.Release|x64.ActiveCfg = Release|Any CPU
		{E7CFDA69-DBD3-46AE-AB15-6A17C10A6E28}.Release|x64.Build.0 = Release|Any CPU
		{E7CFDA69-DBD3-46AE-AB15-6A17C10A6E28}.Release|x86.ActiveCfg = Release|Any CPU
		{E7CFDA69-DBD3-46AE-AB15-6A17C10A6E28}.Release|x86.Build.0 = Release|Any CPU
		{E7BA108F-8928-4B64-944D-C13315D3EE85}.Debug|Any CPU.ActiveCfg = Debug|Any CPU
		{E7BA108F-8928-4B64-944D-C13315D3EE85}.Debug|Any CPU.Build.0 = Debug|Any CPU
		{E7BA108F-8928-4B64-944D-C13315D3EE85}.Debug|x64.ActiveCfg = Debug|Any CPU
		{E7BA108F-8928-4B64-944D-C13315D3EE85}.Debug|x64.Build.0 = Debug|Any CPU
		{E7BA108F-8928-4B64-944D-C13315D3EE85}.Debug|x86.ActiveCfg = Debug|Any CPU
		{E7BA108F-8928-4B64-944D-C13315D3EE85}.Debug|x86.Build.0 = Debug|Any CPU
		{E7BA108F-8928-4B64-944D-C13315D3EE85}.Release|Any CPU.ActiveCfg = Release|Any CPU
		{E7BA108F-8928-4B64-944D-C13315D3EE85}.Release|Any CPU.Build.0 = Release|Any CPU
		{E7BA108F-8928-4B64-944D-C13315D3EE85}.Release|x64.ActiveCfg = Release|Any CPU
		{E7BA108F-8928-4B64-944D-C13315D3EE85}.Release|x64.Build.0 = Release|Any CPU
		{E7BA108F-8928-4B64-944D-C13315D3EE85}.Release|x86.ActiveCfg = Release|Any CPU
		{E7BA108F-8928-4B64-944D-C13315D3EE85}.Release|x86.Build.0 = Release|Any CPU
		{4DF60155-1865-48F1-8E22-8BB0C5A09067}.Debug|Any CPU.ActiveCfg = Debug|Any CPU
		{4DF60155-1865-48F1-8E22-8BB0C5A09067}.Debug|Any CPU.Build.0 = Debug|Any CPU
		{4DF60155-1865-48F1-8E22-8BB0C5A09067}.Debug|x64.ActiveCfg = Debug|Any CPU
		{4DF60155-1865-48F1-8E22-8BB0C5A09067}.Debug|x64.Build.0 = Debug|Any CPU
		{4DF60155-1865-48F1-8E22-8BB0C5A09067}.Debug|x86.ActiveCfg = Debug|Any CPU
		{4DF60155-1865-48F1-8E22-8BB0C5A09067}.Debug|x86.Build.0 = Debug|Any CPU
		{4DF60155-1865-48F1-8E22-8BB0C5A09067}.Release|Any CPU.ActiveCfg = Release|Any CPU
		{4DF60155-1865-48F1-8E22-8BB0C5A09067}.Release|Any CPU.Build.0 = Release|Any CPU
		{4DF60155-1865-48F1-8E22-8BB0C5A09067}.Release|x64.ActiveCfg = Release|Any CPU
		{4DF60155-1865-48F1-8E22-8BB0C5A09067}.Release|x64.Build.0 = Release|Any CPU
		{4DF60155-1865-48F1-8E22-8BB0C5A09067}.Release|x86.ActiveCfg = Release|Any CPU
		{4DF60155-1865-48F1-8E22-8BB0C5A09067}.Release|x86.Build.0 = Release|Any CPU
		{FB1BC19B-AF28-43B0-B520-5EBAC8D0D7B7}.Debug|Any CPU.ActiveCfg = Debug|Any CPU
		{FB1BC19B-AF28-43B0-B520-5EBAC8D0D7B7}.Debug|Any CPU.Build.0 = Debug|Any CPU
		{FB1BC19B-AF28-43B0-B520-5EBAC8D0D7B7}.Debug|x64.ActiveCfg = Debug|Any CPU
		{FB1BC19B-AF28-43B0-B520-5EBAC8D0D7B7}.Debug|x64.Build.0 = Debug|Any CPU
		{FB1BC19B-AF28-43B0-B520-5EBAC8D0D7B7}.Debug|x86.ActiveCfg = Debug|Any CPU
		{FB1BC19B-AF28-43B0-B520-5EBAC8D0D7B7}.Debug|x86.Build.0 = Debug|Any CPU
		{FB1BC19B-AF28-43B0-B520-5EBAC8D0D7B7}.Release|Any CPU.ActiveCfg = Release|Any CPU
		{FB1BC19B-AF28-43B0-B520-5EBAC8D0D7B7}.Release|Any CPU.Build.0 = Release|Any CPU
		{FB1BC19B-AF28-43B0-B520-5EBAC8D0D7B7}.Release|x64.ActiveCfg = Release|Any CPU
		{FB1BC19B-AF28-43B0-B520-5EBAC8D0D7B7}.Release|x64.Build.0 = Release|Any CPU
		{FB1BC19B-AF28-43B0-B520-5EBAC8D0D7B7}.Release|x86.ActiveCfg = Release|Any CPU
		{FB1BC19B-AF28-43B0-B520-5EBAC8D0D7B7}.Release|x86.Build.0 = Release|Any CPU
		{5C204D3F-2917-4F22-AF9B-D058113F707F}.Debug|Any CPU.ActiveCfg = Debug|Any CPU
		{5C204D3F-2917-4F22-AF9B-D058113F707F}.Debug|Any CPU.Build.0 = Debug|Any CPU
		{5C204D3F-2917-4F22-AF9B-D058113F707F}.Debug|x64.ActiveCfg = Debug|Any CPU
		{5C204D3F-2917-4F22-AF9B-D058113F707F}.Debug|x64.Build.0 = Debug|Any CPU
		{5C204D3F-2917-4F22-AF9B-D058113F707F}.Debug|x86.ActiveCfg = Debug|Any CPU
		{5C204D3F-2917-4F22-AF9B-D058113F707F}.Debug|x86.Build.0 = Debug|Any CPU
		{5C204D3F-2917-4F22-AF9B-D058113F707F}.Release|Any CPU.ActiveCfg = Release|Any CPU
		{5C204D3F-2917-4F22-AF9B-D058113F707F}.Release|Any CPU.Build.0 = Release|Any CPU
		{5C204D3F-2917-4F22-AF9B-D058113F707F}.Release|x64.ActiveCfg = Release|Any CPU
		{5C204D3F-2917-4F22-AF9B-D058113F707F}.Release|x64.Build.0 = Release|Any CPU
		{5C204D3F-2917-4F22-AF9B-D058113F707F}.Release|x86.ActiveCfg = Release|Any CPU
		{5C204D3F-2917-4F22-AF9B-D058113F707F}.Release|x86.Build.0 = Release|Any CPU
		{4BDB1CA0-B08C-4DF4-90F5-08DE4B9478B8}.Debug|Any CPU.ActiveCfg = Debug|Any CPU
		{4BDB1CA0-B08C-4DF4-90F5-08DE4B9478B8}.Debug|Any CPU.Build.0 = Debug|Any CPU
		{4BDB1CA0-B08C-4DF4-90F5-08DE4B9478B8}.Debug|x64.ActiveCfg = Debug|Any CPU
		{4BDB1CA0-B08C-4DF4-90F5-08DE4B9478B8}.Debug|x64.Build.0 = Debug|Any CPU
		{4BDB1CA0-B08C-4DF4-90F5-08DE4B9478B8}.Debug|x86.ActiveCfg = Debug|Any CPU
		{4BDB1CA0-B08C-4DF4-90F5-08DE4B9478B8}.Debug|x86.Build.0 = Debug|Any CPU
		{4BDB1CA0-B08C-4DF4-90F5-08DE4B9478B8}.Release|Any CPU.ActiveCfg = Release|Any CPU
		{4BDB1CA0-B08C-4DF4-90F5-08DE4B9478B8}.Release|Any CPU.Build.0 = Release|Any CPU
		{4BDB1CA0-B08C-4DF4-90F5-08DE4B9478B8}.Release|x64.ActiveCfg = Release|Any CPU
		{4BDB1CA0-B08C-4DF4-90F5-08DE4B9478B8}.Release|x64.Build.0 = Release|Any CPU
		{4BDB1CA0-B08C-4DF4-90F5-08DE4B9478B8}.Release|x86.ActiveCfg = Release|Any CPU
		{4BDB1CA0-B08C-4DF4-90F5-08DE4B9478B8}.Release|x86.Build.0 = Release|Any CPU
	EndGlobalSection
	GlobalSection(NestedProjects) = preSolution
		{F9F98B08-D7C4-468A-A89C-2B7C2C99D69D} = {D8C7A5BF-2314-4007-847D-2F7BEB033E9A}
		{C5BE81B4-4CC8-4165-9DB7-08DED9A5D3D9} = {D8C7A5BF-2314-4007-847D-2F7BEB033E9A}
		{DB4878B4-AB98-4334-852A-9C784A036B0C} = {D867E2CA-F8A1-4104-BF08-C985EE83C68E}
		{A1D5E07D-86F8-4A4E-B0FA-869C8972A62E} = {D867E2CA-F8A1-4104-BF08-C985EE83C68E}
		{E7CFDA69-DBD3-46AE-AB15-6A17C10A6E28} = {E3C9ACD7-F532-4E56-994D-D7B0DFFF357E}
		{E7BA108F-8928-4B64-944D-C13315D3EE85} = {E3C9ACD7-F532-4E56-994D-D7B0DFFF357E}
		{4DF60155-1865-48F1-8E22-8BB0C5A09067} = {E3C9ACD7-F532-4E56-994D-D7B0DFFF357E}
		{FB1BC19B-AF28-43B0-B520-5EBAC8D0D7B7} = {E3C9ACD7-F532-4E56-994D-D7B0DFFF357E}
		{5C204D3F-2917-4F22-AF9B-D058113F707F} = {E3C9ACD7-F532-4E56-994D-D7B0DFFF357E}
		{4BDB1CA0-B08C-4DF4-90F5-08DE4B9478B8} = {E3C9ACD7-F532-4E56-994D-D7B0DFFF357E}
	EndGlobalSection
EndGlobal
